github.com/davecgh/go-spew v1.1.1 h1:vj9j/u1bqnvCEfJOwUhtlOARqs3+rkHYY13jYWTU97c=
github.com/davecgh/go-spew v1.1.1/go.mod h1:J7Y8YcW2NihsgmVo/mv3lAwl/skON4iLHjSsI+c5H38=
github.com/devnw/alog v1.0.2 h1:xsp10SXX5pf7RIdRPDwq5QLfxaT9h9h43045N1fnu8Y=
github.com/devnw/alog v1.0.2/go.mod h1:Aw4xF3fFZcv69DP3Ohu3OOMIJAtXZuY+tsXZusFrav8=
github.com/devnw/validator v1.0.2 h1:AHOWd/lAfYafLdMJIkQwehiZSzhbYgyl4DrYbGrlKXI=
github.com/devnw/validator v1.0.2/go.mod h1:YkDaw+j5A2uy3DMqhyecRqUhlDofVuCvsLTaiXh+Dn8=
github.com/jessevdk/go-flags v1.4.1-0.20200711081900-c17162fe8fd7 h1:Ug59miTxVKVg5Oi2S5uHlKOIV5jBx4Hb2u0jIxxDaSs=
github.com/jessevdk/go-flags v1.4.1-0.20200711081900-c17162fe8fd7/go.mod h1:4FA24M0QyGHXBuZZK/XkWh8h0e1EYbRYJSGM75WSRxI=
github.com/pkg/errors v0.9.1 h1:FEBLx1zS214owpjy7qsBeixbURkuhQAwrK5UwLGTwt4=
github.com/pkg/errors v0.9.1/go.mod h1:bwawxfHBFNV+L2hUp1rHADufV3IMtnDRdf1r5NINEl0=
golang.org/x/sys v0.0.0-20200821140526-fda516888d29 h1:mNuhGagCf3lDDm5C0376C/sxh6V7fy9WbdEu/YDNA04=
golang.org/x/sys v0.0.0-20200821140526-fda516888d29/go.mod h1:h1NjWce9XRLGQEsW7wpKNCjG9DtNlClVuFLEZdDNbEs=
